
Microsoft Visual Studio Solution File, Format Version 12.00
# Visual Studio Version 16
VisualStudioVersion = 16.0.31702.278
MinimumVisualStudioVersion = 10.0.40219.1
Project("{FAE04EC0-301F-11D3-BF4B-00C04F79EFBC}") = "UC5Assignment", "UC5Assignment\UC5Assignment.csproj", "{08B8A403-8EC6-4D4A-9A09-B0E6B72AF110}"
EndProject
Global
	GlobalSection(SolutionConfigurationPlatforms) = preSolution
		Debug|Any CPU = Debug|Any CPU
		Release|Any CPU = Release|Any CPU
	EndGlobalSection
	GlobalSection(ProjectConfigurationPlatforms) = postSolution
		{08B8A403-8EC6-4D4A-9A09-B0E6B72AF110}.Debug|Any CPU.ActiveCfg = Debug|Any CPU
		{08B8A403-8EC6-4D4A-9A09-B0E6B72AF110}.Debug|Any CPU.Build.0 = Debug|Any CPU
		{08B8A403-8EC6-4D4A-9A09-B0E6B72AF110}.Release|Any CPU.ActiveCfg = Release|Any CPU
		{08B8A403-8EC6-4D4A-9A09-B0E6B72AF110}.Release|Any CPU.Build.0 = Release|Any CPU
	EndGlobalSection
	GlobalSection(SolutionProperties) = preSolution
		HideSolutionNode = FALSE
	EndGlobalSection
	GlobalSection(ExtensibilityGlobals) = postSolution
		SolutionGuid = {D7147AB2-495A-46E9-9A5C-AB29D7A34D5A}
	EndGlobalSection
EndGlobal
